// !$*UTF8*$!
{
	archiveVersion = 1;
	classes = {
	};
	objectVersion = 50;
	objects = {

/* Begin PBXBuildFile section */
		1B5ED999239B4F0400A45E2D /* AppDelegate.swift in Sources */ = {isa = PBXBuildFile; fileRef = 1B5ED998239B4F0400A45E2D /* AppDelegate.swift */; };
		1B5ED99B239B4F0400A45E2D /* SceneDelegate.swift in Sources */ = {isa = PBXBuildFile; fileRef = 1B5ED99A239B4F0400A45E2D /* SceneDelegate.swift */; };
		1B5ED99D239B4F0400A45E2D /* ContentView.swift in Sources */ = {isa = PBXBuildFile; fileRef = 1B5ED99C239B4F0400A45E2D /* ContentView.swift */; };
		1B5ED99F239B4F0700A45E2D /* Assets.xcassets in Resources */ = {isa = PBXBuildFile; fileRef = 1B5ED99E239B4F0700A45E2D /* Assets.xcassets */; };
		1B5ED9A2239B4F0700A45E2D /* Preview Assets.xcassets in Resources */ = {isa = PBXBuildFile; fileRef = 1B5ED9A1239B4F0700A45E2D /* Preview Assets.xcassets */; };
		1B5ED9A5239B4F0700A45E2D /* LaunchScreen.storyboard in Resources */ = {isa = PBXBuildFile; fileRef = 1B5ED9A3239B4F0700A45E2D /* LaunchScreen.storyboard */; };
		1B5ED9B0239B4F0700A45E2D /* RollDiceGameTests.swift in Sources */ = {isa = PBXBuildFile; fileRef = 1B5ED9AF239B4F0700A45E2D /* RollDiceGameTests.swift */; };
		1B5ED9BB239B4F0700A45E2D /* RollDiceGameUITests.swift in Sources */ = {isa = PBXBuildFile; fileRef = 1B5ED9BA239B4F0700A45E2D /* RollDiceGameUITests.swift */; };
/* End PBXBuildFile section */

/* Begin PBXContainerItemProxy section */
		1B5ED9AC239B4F0700A45E2D /* PBXContainerItemProxy */ = {
			isa = PBXContainerItemProxy;
			containerPortal = 1B5ED98D239B4F0400A45E2D /* Project object */;
			proxyType = 1;
			remoteGlobalIDString = 1B5ED994239B4F0400A45E2D;
			remoteInfo = RollDiceGame;
		};
		1B5ED9B7239B4F0700A45E2D /* PBXContainerItemProxy */ = {
			isa = PBXContainerItemProxy;
			containerPortal = 1B5ED98D239B4F0400A45E2D /* Project object */;
			proxyType = 1;
			remoteGlobalIDString = 1B5ED994239B4F0400A45E2D;
			remoteInfo = RollDiceGame;
		};
/* End PBXContainerItemProxy section */

/* Begin PBXFileReference section */
		1B5ED995239B4F0400A45E2D /* RollDiceGame.app */ = {isa = PBXFileReference; explicitFileType = wrapper.application; includeInIndex = 0; path = RollDiceGame.app; sourceTree = BUILT_PRODUCTS_DIR; };
		1B5ED998239B4F0400A45E2D /* AppDelegate.swift */ = {isa = PBXFileReference; lastKnownFileType = sourcecode.swift; path = AppDelegate.swift; sourceTree = "<group>"; };
		1B5ED99A239B4F0400A45E2D /* SceneDelegate.swift */ = {isa = PBXFileReference; lastKnownFileType = sourcecode.swift; path = SceneDelegate.swift; sourceTree = "<group>"; };
		1B5ED99C239B4F0400A45E2D /* ContentView.swift */ = {isa = PBXFileReference; lastKnownFileType = sourcecode.swift; path = ContentView.swift; sourceTree = "<group>"; };
		1B5ED99E239B4F0700A45E2D /* Assets.xcassets */ = {isa = PBXFileReference; lastKnownFileType = folder.assetcatalog; path = Assets.xcassets; sourceTree = "<group>"; };
		1B5ED9A1239B4F0700A45E2D /* Preview Assets.xcassets */ = {isa = PBXFileReference; lastKnownFileType = folder.assetcatalog; path = "Preview Assets.xcassets"; sourceTree = "<group>"; };
		1B5ED9A4239B4F0700A45E2D /* Base */ = {isa = PBXFileReference; lastKnownFileType = file.storyboard; name = Base; path = Base.lproj/LaunchScreen.storyboard; sourceTree = "<group>"; };
		1B5ED9A6239B4F0700A45E2D /* Info.plist */ = {isa = PBXFileReference; lastKnownFileType = text.plist.xml; path = Info.plist; sourceTree = "<group>"; };
		1B5ED9AB239B4F0700A45E2D /* RollDiceGameTests.xctest */ = {isa = PBXFileReference; explicitFileType = wrapper.cfbundle; includeInIndex = 0; path = RollDiceGameTests.xctest; sourceTree = BUILT_PRODUCTS_DIR; };
		1B5ED9AF239B4F0700A45E2D /* RollDiceGameTests.swift */ = {isa = PBXFileReference; lastKnownFileType = sourcecode.swift; path = RollDiceGameTests.swift; sourceTree = "<group>"; };
		1B5ED9B1239B4F0700A45E2D /* Info.plist */ = {isa = PBXFileReference; lastKnownFileType = text.plist.xml; path = Info.plist; sourceTree = "<group>"; };
		1B5ED9B6239B4F0700A45E2D /* RollDiceGameUITests.xctest */ = {isa = PBXFileReference; explicitFileType = wrapper.cfbundle; includeInIndex = 0; path = RollDiceGameUITests.xctest; sourceTree = BUILT_PRODUCTS_DIR; };
		1B5ED9BA239B4F0700A45E2D /* RollDiceGameUITests.swift */ = {isa = PBXFileReference; lastKnownFileType = sourcecode.swift; path = RollDiceGameUITests.swift; sourceTree = "<group>"; };
		1B5ED9BC239B4F0700A45E2D /* Info.plist */ = {isa = PBXFileReference; lastKnownFileType = text.plist.xml; path = Info.plist; sourceTree = "<group>"; };
/* End PBXFileReference section */

/* Begin PBXFrameworksBuildPhase section */
		1B5ED992239B4F0400A45E2D /* Frameworks */ = {
			isa = PBXFrameworksBuildPhase;
			buildActionMask = 2147483647;
			files = (
			);
			runOnlyForDeploymentPostprocessing = 0;
		};
		1B5ED9A8239B4F0700A45E2D /* Frameworks */ = {
			isa = PBXFrameworksBuildPhase;
			buildActionMask = 2147483647;
			files = (
			);
			runOnlyForDeploymentPostprocessing = 0;
		};
		1B5ED9B3239B4F0700A45E2D /* Frameworks */ = {
			isa = PBXFrameworksBuildPhase;
			buildActionMask = 2147483647;
			files = (
			);
			runOnlyForDeploymentPostprocessing = 0;
		};
/* End PBXFrameworksBuildPhase section */

/* Begin PBXGroup section */
		1B5ED98C239B4F0400A45E2D = {
			isa = PBXGroup;
			children = (
				1B5ED997239B4F0400A45E2D /* RollDiceGame */,
				1B5ED9AE239B4F0700A45E2D /* RollDiceGameTests */,
				1B5ED9B9239B4F0700A45E2D /* RollDiceGameUITests */,
				1B5ED996239B4F0400A45E2D /* Products */,
			);
			sourceTree = "<group>";
		};
		1B5ED996239B4F0400A45E2D /* Products */ = {
			isa = PBXGroup;
			children = (
				1B5ED995239B4F0400A45E2D /* RollDiceGame.app */,
				1B5ED9AB239B4F0700A45E2D /* RollDiceGameTests.xctest */,
				1B5ED9B6239B4F0700A45E2D /* RollDiceGameUITests.xctest */,
			);
			name = Products;
			sourceTree = "<group>";
		};
		1B5ED997239B4F0400A45E2D /* RollDiceGame */ = {
			isa = PBXGroup;
			children = (
				1B5ED998239B4F0400A45E2D /* AppDelegate.swift */,
				1B5ED99A239B4F0400A45E2D /* SceneDelegate.swift */,
				1B5ED99C239B4F0400A45E2D /* ContentView.swift */,
				1B5ED99E239B4F0700A45E2D /* Assets.xcassets */,
				1B5ED9A3239B4F0700A45E2D /* LaunchScreen.storyboard */,
				1B5ED9A6239B4F0700A45E2D /* Info.plist */,
				1B5ED9A0239B4F0700A45E2D /* Preview Content */,
			);
			path = RollDiceGame;
			sourceTree = "<group>";
		};
		1B5ED9A0239B4F0700A45E2D /* Preview Content */ = {
			isa = PBXGroup;
			children = (
				1B5ED9A1239B4F0700A45E2D /* Preview Assets.xcassets */,
			);
			path = "Preview Content";
			sourceTree = "<group>";
		};
		1B5ED9AE239B4F0700A45E2D /* RollDiceGameTests */ = {
			isa = PBXGroup;
			children = (
				1B5ED9AF239B4F0700A45E2D /* RollDiceGameTests.swift */,
				1B5ED9B1239B4F0700A45E2D /* Info.plist */,
			);
			path = RollDiceGameTests;
			sourceTree = "<group>";
		};
		1B5ED9B9239B4F0700A45E2D /* RollDiceGameUITests */ = {
			isa = PBXGroup;
			children = (
				1B5ED9BA239B4F0700A45E2D /* RollDiceGameUITests.swift */,
				1B5ED9BC239B4F0700A45E2D /* Info.plist */,
			);
			path = RollDiceGameUITests;
			sourceTree = "<group>";
		};
/* End PBXGroup section */

/* Begin PBXNativeTarget section */
		1B5ED994239B4F0400A45E2D /* RollDiceGame */ = {
			isa = PBXNativeTarget;
			buildConfigurationList = 1B5ED9BF239B4F0700A45E2D /* Build configuration list for PBXNativeTarget "RollDiceGame" */;
			buildPhases = (
				1B5ED991239B4F0400A45E2D /* Sources */,
				1B5ED992239B4F0400A45E2D /* Frameworks */,
				1B5ED993239B4F0400A45E2D /* Resources */,
			);
			buildRules = (
			);
			dependencies = (
			);
			name = RollDiceGame;
			productName = RollDiceGame;
			productReference = 1B5ED995239B4F0400A45E2D /* RollDiceGame.app */;
			productType = "com.apple.product-type.application";
		};
		1B5ED9AA239B4F0700A45E2D /* RollDiceGameTests */ = {
			isa = PBXNativeTarget;
			buildConfigurationList = 1B5ED9C2239B4F0700A45E2D /* Build configuration list for PBXNativeTarget "RollDiceGameTests" */;
			buildPhases = (
				1B5ED9A7239B4F0700A45E2D /* Sources */,
				1B5ED9A8239B4F0700A45E2D /* Frameworks */,
				1B5ED9A9239B4F0700A45E2D /* Resources */,
			);
			buildRules = (
			);
			dependencies = (
				1B5ED9AD239B4F0700A45E2D /* PBXTargetDependency */,
			);
			name = RollDiceGameTests;
			productName = RollDiceGameTests;
			productReference = 1B5ED9AB239B4F0700A45E2D /* RollDiceGameTests.xctest */;
			productType = "com.apple.product-type.bundle.unit-test";
		};
		1B5ED9B5239B4F0700A45E2D /* RollDiceGameUITests */ = {
			isa = PBXNativeTarget;
			buildConfigurationList = 1B5ED9C5239B4F0700A45E2D /* Build configuration list for PBXNativeTarget "RollDiceGameUITests" */;
			buildPhases = (
				1B5ED9B2239B4F0700A45E2D /* Sources */,
				1B5ED9B3239B4F0700A45E2D /* Frameworks */,
				1B5ED9B4239B4F0700A45E2D /* Resources */,
			);
			buildRules = (
			);
			dependencies = (
				1B5ED9B8239B4F0700A45E2D /* PBXTargetDependency */,
			);
			name = RollDiceGameUITests;
			productName = RollDiceGameUITests;
			productReference = 1B5ED9B6239B4F0700A45E2D /* RollDiceGameUITests.xctest */;
			productType = "com.apple.product-type.bundle.ui-testing";
		};
/* End PBXNativeTarget section */

/* Begin PBXProject section */
		1B5ED98D239B4F0400A45E2D /* Project object */ = {
			isa = PBXProject;
			attributes = {
				LastSwiftUpdateCheck = 1120;
				LastUpgradeCheck = 1120;
				ORGANIZATIONNAME = "tcs Fremont";
				TargetAttributes = {
					1B5ED994239B4F0400A45E2D = {
						CreatedOnToolsVersion = 11.2.1;
					};
					1B5ED9AA239B4F0700A45E2D = {
						CreatedOnToolsVersion = 11.2.1;
						TestTargetID = 1B5ED994239B4F0400A45E2D;
					};
					1B5ED9B5239B4F0700A45E2D = {
						CreatedOnToolsVersion = 11.2.1;
						TestTargetID = 1B5ED994239B4F0400A45E2D;
					};
				};
			};
			buildConfigurationList = 1B5ED990239B4F0400A45E2D /* Build configuration list for PBXProject "RollDiceGame" */;
			compatibilityVersion = "Xcode 9.3";
			developmentRegion = en;
			hasScannedForEncodings = 0;
			knownRegions = (
				en,
				Base,
			);
			mainGroup = 1B5ED98C239B4F0400A45E2D;
			productRefGroup = 1B5ED996239B4F0400A45E2D /* Products */;
			projectDirPath = "";
			projectRoot = "";
			targets = (
				1B5ED994239B4F0400A45E2D /* RollDiceGame */,
				1B5ED9AA239B4F0700A45E2D /* RollDiceGameTests */,
				1B5ED9B5239B4F0700A45E2D /* RollDiceGameUITests */,
			);
		};
/* End PBXProject section */

/* Begin PBXResourcesBuildPhase section */
		1B5ED993239B4F0400A45E2D /* Resources */ = {
			isa = PBXResourcesBuildPhase;
			buildActionMask = 2147483647;
			files = (
				1B5ED9A5239B4F0700A45E2D /* LaunchScreen.storyboard in Resources */,
				1B5ED9A2239B4F0700A45E2D /* Preview Assets.xcassets in Resources */,
				1B5ED99F239B4F0700A45E2D /* Assets.xcassets in Resources */,
			);
			runOnlyForDeploymentPostprocessing = 0;
		};
		1B5ED9A9239B4F0700A45E2D /* Resources */ = {
			isa = PBXResourcesBuildPhase;
			buildActionMask = 2147483647;
			files = (
			);
			runOnlyForDeploymentPostprocessing = 0;
		};
		1B5ED9B4239B4F0700A45E2D /* Resources */ = {
			isa = PBXResourcesBuildPhase;
			buildActionMask = 2147483647;
			files = (
			);
			runOnlyForDeploymentPostprocessing = 0;
		};
/* End PBXResourcesBuildPhase section */

/* Begin PBXSourcesBuildPhase section */
		1B5ED991239B4F0400A45E2D /* Sources */ = {
			isa = PBXSourcesBuildPhase;
			buildActionMask = 2147483647;
			files = (
				1B5ED999239B4F0400A45E2D /* AppDelegate.swift in Sources */,
				1B5ED99B239B4F0400A45E2D /* SceneDelegate.swift in Sources */,
				1B5ED99D239B4F0400A45E2D /* ContentView.swift in Sources */,
			);
			runOnlyForDeploymentPostprocessing = 0;
		};
		1B5ED9A7239B4F0700A45E2D /* Sources */ = {
			isa = PBXSourcesBuildPhase;
			buildActionMask = 2147483647;
			files = (
				1B5ED9B0239B4F0700A45E2D /* RollDiceGameTests.swift in Sources */,
			);
			runOnlyForDeploymentPostprocessing = 0;
		};
		1B5ED9B2239B4F0700A45E2D /* Sources */ = {
			isa = PBXSourcesBuildPhase;
			buildActionMask = 2147483647;
			files = (
				1B5ED9BB239B4F0700A45E2D /* RollDiceGameUITests.swift in Sources */,
			);
			runOnlyForDeploymentPostprocessing = 0;
		};
/* End PBXSourcesBuildPhase section */

/* Begin PBXTargetDependency section */
		1B5ED9AD239B4F0700A45E2D /* PBXTargetDependency */ = {
			isa = PBXTargetDependency;
			target = 1B5ED994239B4F0400A45E2D /* RollDiceGame */;
			targetProxy = 1B5ED9AC239B4F0700A45E2D /* PBXContainerItemProxy */;
		};
		1B5ED9B8239B4F0700A45E2D /* PBXTargetDependency */ = {
			isa = PBXTargetDependency;
			target = 1B5ED994239B4F0400A45E2D /* RollDiceGame */;
			targetProxy = 1B5ED9B7239B4F0700A45E2D /* PBXContainerItemProxy */;
		};
/* End PBXTargetDependency section */

/* Begin PBXVariantGroup section */
		1B5ED9A3239B4F0700A45E2D /* LaunchScreen.storyboard */ = {
			isa = PBXVariantGroup;
			children = (
				1B5ED9A4239B4F0700A45E2D /* Base */,
			);
			name = LaunchScreen.storyboard;
			sourceTree = "<group>";
		};
/* End PBXVariantGroup section */

/* Begin XCBuildConfiguration section */
		1B5ED9BD239B4F0700A45E2D /* Debug */ = {
			isa = XCBuildConfiguration;
			buildSettings = {
				ALWAYS_SEARCH_USER_PATHS = NO;
				CLANG_ANALYZER_NONNULL = YES;
				CLANG_ANALYZER_NUMBER_OBJECT_CONVERSION = YES_AGGRESSIVE;
				CLANG_CXX_LANGUAGE_STANDARD = "gnu++14";
				CLANG_CXX_LIBRARY = "libc++";
				CLANG_ENABLE_MODULES = YES;
				CLANG_ENABLE_OBJC_ARC = YES;
				CLANG_ENABLE_OBJC_WEAK = YES;
				CLANG_WARN_BLOCK_CAPTURE_AUTORELEASING = YES;
				CLANG_WARN_BOOL_CONVERSION = YES;
				CLANG_WARN_COMMA = YES;
				CLANG_WARN_CONSTANT_CONVERSION = YES;
				CLANG_WARN_DEPRECATED_OBJC_IMPLEMENTATIONS = YES;
				CLANG_WARN_DIRECT_OBJC_ISA_USAGE = YES_ERROR;
				CLANG_WARN_DOCUMENTATION_COMMENTS = YES;
				CLANG_WARN_EMPTY_BODY = YES;
				CLANG_WARN_ENUM_CONVERSION = YES;
				CLANG_WARN_INFINITE_RECURSION = YES;
				CLANG_WARN_INT_CONVERSION = YES;
				CLANG_WARN_NON_LITERAL_NULL_CONVERSION = YES;
				CLANG_WARN_OBJC_IMPLICIT_RETAIN_SELF = YES;
				CLANG_WARN_OBJC_LITERAL_CONVERSION = YES;
				CLANG_WARN_OBJC_ROOT_CLASS = YES_ERROR;
				CLANG_WARN_RANGE_LOOP_ANALYSIS = YES;
				CLANG_WARN_STRICT_PROTOTYPES = YES;
				CLANG_WARN_SUSPICIOUS_MOVE = YES;
				CLANG_WARN_UNGUARDED_AVAILABILITY = YES_AGGRESSIVE;
				CLANG_WARN_UNREACHABLE_CODE = YES;
				CLANG_WARN__DUPLICATE_METHOD_MATCH = YES;
				COPY_PHASE_STRIP = NO;
				DEBUG_INFORMATION_FORMAT = dwarf;
				ENABLE_STRICT_OBJC_MSGSEND = YES;
				ENABLE_TESTABILITY = YES;
				GCC_C_LANGUAGE_STANDARD = gnu11;
				GCC_DYNAMIC_NO_PIC = NO;
				GCC_NO_COMMON_BLOCKS = YES;
				GCC_OPTIMIZATION_LEVEL = 0;
				GCC_PREPROCESSOR_DEFINITIONS = (
					"DEBUG=1",
					"$(inherited)",
				);
				GCC_WARN_64_TO_32_BIT_CONVERSION = YES;
				GCC_WARN_ABOUT_RETURN_TYPE = YES_ERROR;
				GCC_WARN_UNDECLARED_SELECTOR = YES;
				GCC_WARN_UNINITIALIZED_AUTOS = YES_AGGRESSIVE;
				GCC_WARN_UNUSED_FUNCTION = YES;
				GCC_WARN_UNUSED_VARIABLE = YES;
				IPHONEOS_DEPLOYMENT_TARGET = 13.2;
				MTL_ENABLE_DEBUG_INFO = INCLUDE_SOURCE;
				MTL_FAST_MATH = YES;
				ONLY_ACTIVE_ARCH = YES;
				SDKROOT = iphoneos;
				SWIFT_ACTIVE_COMPILATION_CONDITIONS = DEBUG;
				SWIFT_OPTIMIZATION_LEVEL = "-Onone";
			};
			name = Debug;
		};
		1B5ED9BE239B4F0700A45E2D /* Release */ = {
			isa = XCBuildConfiguration;
			buildSettings = {
				ALWAYS_SEARCH_USER_PATHS = NO;
				CLANG_ANALYZER_NONNULL = YES;
				CLANG_ANALYZER_NUMBER_OBJECT_CONVERSION = YES_AGGRESSIVE;
				CLANG_CXX_LANGUAGE_STANDARD = "gnu++14";
				CLANG_CXX_LIBRARY = "libc++";
				CLANG_ENABLE_MODULES = YES;
				CLANG_ENABLE_OBJC_ARC = YES;
				CLANG_ENABLE_OBJC_WEAK = YES;
				CLANG_WARN_BLOCK_CAPTURE_AUTORELEASING = YES;
				CLANG_WARN_BOOL_CONVERSION = YES;
				CLANG_WARN_COMMA = YES;
				CLANG_WARN_CONSTANT_CONVERSION = YES;
				CLANG_WARN_DEPRECATED_OBJC_IMPLEMENTATIONS = YES;
				CLANG_WARN_DIRECT_OBJC_ISA_USAGE = YES_ERROR;
				CLANG_WARN_DOCUMENTATION_COMMENTS = YES;
				CLANG_WARN_EMPTY_BODY = YES;
				CLANG_WARN_ENUM_CONVERSION = YES;
				CLANG_WARN_INFINITE_RECURSION = YES;
				CLANG_WARN_INT_CONVERSION = YES;
				CLANG_WARN_NON_LITERAL_NULL_CONVERSION = YES;
				CLANG_WARN_OBJC_IMPLICIT_RETAIN_SELF = YES;
				CLANG_WARN_OBJC_LITERAL_CONVERSION = YES;
				CLANG_WARN_OBJC_ROOT_CLASS = YES_ERROR;
				CLANG_WARN_RANGE_LOOP_ANALYSIS = YES;
				CLANG_WARN_STRICT_PROTOTYPES = YES;
				CLANG_WARN_SUSPICIOUS_MOVE = YES;
				CLANG_WARN_UNGUARDED_AVAILABILITY = YES_AGGRESSIVE;
				CLANG_WARN_UNREACHABLE_CODE = YES;
				CLANG_WARN__DUPLICATE_METHOD_MATCH = YES;
				COPY_PHASE_STRIP = NO;
				DEBUG_INFORMATION_FORMAT = "dwarf-with-dsym";
				ENABLE_NS_ASSERTIONS = NO;
				ENABLE_STRICT_OBJC_MSGSEND = YES;
				GCC_C_LANGUAGE_STANDARD = gnu11;
				GCC_NO_COMMON_BLOCKS = YES;
				GCC_WARN_64_TO_32_BIT_CONVERSION = YES;
				GCC_WARN_ABOUT_RETURN_TYPE = YES_ERROR;
				GCC_WARN_UNDECLARED_SELECTOR = YES;
				GCC_WARN_UNINITIALIZED_AUTOS = YES_AGGRESSIVE;
				GCC_WARN_UNUSED_FUNCTION = YES;
				GCC_WARN_UNUSED_VARIABLE = YES;
				IPHONEOS_DEPLOYMENT_TARGET = 13.2;
				MTL_ENABLE_DEBUG_INFO = NO;
				MTL_FAST_MATH = YES;
				SDKROOT = iphoneos;
				SWIFT_COMPILATION_MODE = wholemodule;
				SWIFT_OPTIMIZATION_LEVEL = "-O";
				VALIDATE_PRODUCT = YES;
			};
			name = Release;
		};
		1B5ED9C0239B4F0700A45E2D /* Debug */ = {
			isa = XCBuildConfiguration;
			buildSettings = {
				ASSETCATALOG_COMPILER_APPICON_NAME = AppIcon;
				CODE_SIGN_STYLE = Automatic;
				DEVELOPMENT_ASSET_PATHS = "\"RollDiceGame/Preview Content\"";
				ENABLE_PREVIEWS = YES;
				INFOPLIST_FILE = RollDiceGame/Info.plist;
				LD_RUNPATH_SEARCH_PATHS = (
					"$(inherited)",
					"@executable_path/Frameworks",
				);
				PRODUCT_BUNDLE_IDENTIFIER = com.anyakapoor.RollDiceGame;
				PRODUCT_NAME = "$(TARGET_NAME)";
				SWIFT_VERSION = 5.0;
				TARGETED_DEVICE_FAMILY = "1,2";
			};
			name = Debug;
		};
		1B5ED9C1239B4F0700A45E2D /* Release */ = {
			isa = XCBuildConfiguration;
			buildSettings = {
				ASSETCATALOG_COMPILER_APPICON_NAME = AppIcon;
				CODE_SIGN_STYLE = Automatic;
				DEVELOPMENT_ASSET_PATHS = "\"RollDiceGame/Preview Content\"";
				ENABLE_PREVIEWS = YES;
				INFOPLIST_FILE = RollDiceGame/Info.plist;
				LD_RUNPATH_SEARCH_PATHS = (
					"$(inherited)",
					"@executable_path/Frameworks",
				);
				PRODUCT_BUNDLE_IDENTIFIER = com.anyakapoor.RollDiceGame;
				PRODUCT_NAME = "$(TARGET_NAME)";
				SWIFT_VERSION = 5.0;
				TARGETED_DEVICE_FAMILY = "1,2";
			};
			name = Release;
		};
		1B5ED9C3239B4F0700A45E2D /* Debug */ = {
			isa = XCBuildConfiguration;
			buildSettings = {
				ALWAYS_EMBED_SWIFT_STANDARD_LIBRARIES = YES;
				BUNDLE_LOADER = "$(TEST_HOST)";
				CODE_SIGN_STYLE = Automatic;
				INFOPLIST_FILE = RollDiceGameTests/Info.plist;
				IPHONEOS_DEPLOYMENT_TARGET = 13.2;
				LD_RUNPATH_SEARCH_PATHS = (
					"$(inherited)",
					"@executable_path/Frameworks",
					"@loader_path/Frameworks",
				);
				PRODUCT_BUNDLE_IDENTIFIER = com.anyakapoor.RollDiceGameTests;
				PRODUCT_NAME = "$(TARGET_NAME)";
				SWIFT_VERSION = 5.0;
				TARGETED_DEVICE_FAMILY = "1,2";
				TEST_HOST = "$(BUILT_PRODUCTS_DIR)/RollDiceGame.app/RollDiceGame";
			};
			name = Debug;
		};
		1B5ED9C4239B4F0700A45E2D /* Release */ = {
			isa = XCBuildConfiguration;
			buildSettings = {
				ALWAYS_EMBED_SWIFT_STANDARD_LIBRARIES = YES;
				BUNDLE_LOADER = "$(TEST_HOST)";
				CODE_SIGN_STYLE = Automatic;
				INFOPLIST_FILE = RollDiceGameTests/Info.plist;
				IPHONEOS_DEPLOYMENT_TARGET = 13.2;
				LD_RUNPATH_SEARCH_PATHS = (
					"$(inherited)",
					"@executable_path/Frameworks",
					"@loader_path/Frameworks",
				);
				PRODUCT_BUNDLE_IDENTIFIER = com.anyakapoor.RollDiceGameTests;
				PRODUCT_NAME = "$(TARGET_NAME)";
				SWIFT_VERSION = 5.0;
				TARGETED_DEVICE_FAMILY = "1,2";
				TEST_HOST = "$(BUILT_PRODUCTS_DIR)/RollDiceGame.app/RollDiceGame";
			};
			name = Release;
		};
		1B5ED9C6239B4F0700A45E2D /* Debug */ = {
			isa = XCBuildConfiguration;
			buildSettings = {
				ALWAYS_EMBED_SWIFT_STANDARD_LIBRARIES = YES;
				CODE_SIGN_STYLE = Automatic;
				INFOPLIST_FILE = RollDiceGameUITests/Info.plist;
				LD_RUNPATH_SEARCH_PATHS = (
					"$(inherited)",
					"@executable_path/Frameworks",
					"@loader_path/Frameworks",
				);
				PRODUCT_BUNDLE_IDENTIFIER = com.anyakapoor.RollDiceGameUITests;
				PRODUCT_NAME = "$(TARGET_NAME)";
				SWIFT_VERSION = 5.0;
				TARGETED_DEVICE_FAMILY = "1,2";
				TEST_TARGET_NAME = RollDiceGame;
			};
			name = Debug;
		};
		1B5ED9C7239B4F0700A45E2D /* Release */ = {
			isa = XCBuildConfiguration;
			buildSettings = {
				ALWAYS_EMBED_SWIFT_STANDARD_LIBRARIES = YES;
				CODE_SIGN_STYLE = Automatic;
				INFOPLIST_FILE = RollDiceGameUITests/Info.plist;
				LD_RUNPATH_SEARCH_PATHS = (
					"$(inherited)",
					"@executable_path/Frameworks",
					"@loader_path/Frameworks",
				);
				PRODUCT_BUNDLE_IDENTIFIER = com.anyakapoor.RollDiceGameUITests;
				PRODUCT_NAME = "$(TARGET_NAME)";
				SWIFT_VERSION = 5.0;
				TARGETED_DEVICE_FAMILY = "1,2";
				TEST_TARGET_NAME = RollDiceGame;
			};
			name = Release;
		};
/* End XCBuildConfiguration section */

/* Begin XCConfigurationList section */
		1B5ED990239B4F0400A45E2D /* Build configuration list for PBXProject "RollDiceGame" */ = {
			isa = XCConfigurationList;
			buildConfigurations = (
				1B5ED9BD239B4F0700A45E2D /* Debug */,
				1B5ED9BE239B4F0700A45E2D /* Release */,
			);
			defaultConfigurationIsVisible = 0;
			defaultConfigurationName = Release;
		};
		1B5ED9BF239B4F0700A45E2D /* Build configuration list for PBXNativeTarget "RollDiceGame" */ = {
			isa = XCConfigurationList;
			buildConfigurations = (
				1B5ED9C0239B4F0700A45E2D /* Debug */,
				1B5ED9C1239B4F0700A45E2D /* Release */,
			);
			defaultConfigurationIsVisible = 0;
			defaultConfigurationName = Release;
		};
		1B5ED9C2239B4F0700A45E2D /* Build configuration list for PBXNativeTarget "RollDiceGameTests" */ = {
			isa = XCConfigurationList;
			buildConfigurations = (
				1B5ED9C3239B4F0700A45E2D /* Debug */,
				1B5ED9C4239B4F0700A45E2D /* Release */,
			);
			defaultConfigurationIsVisible = 0;
			defaultConfigurationName = Release;
		};
		1B5ED9C5239B4F0700A45E2D /* Build configuration list for PBXNativeTarget "RollDiceGameUITests" */ = {
			isa = XCConfigurationList;
			buildConfigurations = (
				1B5ED9C6239B4F0700A45E2D /* Debug */,
				1B5ED9C7239B4F0700A45E2D /* Release */,
			);
			defaultConfigurationIsVisible = 0;
			defaultConfigurationName = Release;
		};
/* End XCConfigurationList section */
	};
	rootObject = 1B5ED98D239B4F0400A45E2D /* Project object */;
}
